Microsoft Visual Studio Solution File, Format Version 12.00
# Visual Studio Version 17
VisualStudioVersion = 17.4.33122.133
MinimumVisualStudioVersion = 10.0.40219.1
Project("{778DAE3C-4631-46EA-AA77-85C1314464D9}") = "WpfApplication1.Net6", "WpfApplication1\WpfApplication1.Net6.vbproj", "{F1D241ED-B02F-4916-B3AC-2ED59C02CC8F}"
EndProject
Global
	GlobalSection(SolutionConfigurationPlatforms) = preSolution
		Debug|x86 = Debug|x86
		Release|x86 = Release|x86
	EndGlobalSection
	GlobalSection(ProjectConfigurationPlatforms) = postSolution
		{F1D241ED-B02F-4916-B3AC-2ED59C02CC8F}.Debug|x86.ActiveCfg = Debug|x86
		{F1D241ED-B02F-4916-B3AC-2ED59C02CC8F}.Debug|x86.Build.0 = Debug|x86
		{F1D241ED-B02F-4916-B3AC-2ED59C02CC8F}.Release|x86.ActiveCfg = Release|x86
		{F1D241ED-B02F-4916-B3AC-2ED59C02CC8F}.Release|x86.Build.0 = Release|x86
	EndGlobalSection
	GlobalSection(SolutionProperties) = preSolution
		HideSolutionNode = FALSE
	EndGlobalSection
	GlobalSection(ExtensibilityGlobals) = postSolution
		SolutionGuid = {FE0DC4C5-263D-4A1B-87B6-A532E0C5FE4F}
	EndGlobalSection
EndGlobal
